// !$*UTF8*$!
{
	archiveVersion = 1;
	classes = {
	};
	objectVersion = 46;
	objects = {

/* Begin PBXBuildFile section */
		CC02C44C1F8650C500837F64 /* RatingControl.swift in Sources */ = {isa = PBXBuildFile; fileRef = CC02C44B1F8650C500837F64 /* RatingControl.swift */; };
		CC02C44E1F87588800837F64 /* Meal.swift in Sources */ = {isa = PBXBuildFile; fileRef = CC02C44D1F87588800837F64 /* Meal.swift */; };
		CC02C4501F87652300837F64 /* MealTableViewCell.swift in Sources */ = {isa = PBXBuildFile; fileRef = CC02C44F1F87652300837F64 /* MealTableViewCell.swift */; };
		CC02C4521F879C0600837F64 /* MealTableViewController.swift in Sources */ = {isa = PBXBuildFile; fileRef = CC02C4511F879C0600837F64 /* MealTableViewController.swift */; };
		CC36DD931F85C79100A92A64 /* AppDelegate.swift in Sources */ = {isa = PBXBuildFile; fileRef = CC36DD921F85C79100A92A64 /* AppDelegate.swift */; };
		CC36DD951F85C79100A92A64 /* MealViewController.swift in Sources */ = {isa = PBXBuildFile; fileRef = CC36DD941F85C79100A92A64 /* MealViewController.swift */; };
		CC36DD981F85C79100A92A64 /* Main.storyboard in Resources */ = {isa = PBXBuildFile; fileRef = CC36DD961F85C79100A92A64 /* Main.storyboard */; };
		CC36DD9A1F85C79100A92A64 /* Assets.xcassets in Resources */ = {isa = PBXBuildFile; fileRef = CC36DD991F85C79100A92A64 /* Assets.xcassets */; };
		CC36DD9D1F85C79100A92A64 /* LaunchScreen.storyboard in Resources */ = {isa = PBXBuildFile; fileRef = CC36DD9B1F85C79100A92A64 /* LaunchScreen.storyboard */; };
		CC36DDA81F85C79100A92A64 /* FoodTrackerTests.swift in Sources */ = {isa = PBXBuildFile; fileRef = CC36DDA71F85C79100A92A64 /* FoodTrackerTests.swift */; };
/* End PBXBuildFile section */

/* Begin PBXContainerItemProxy section */
		CC36DDA41F85C79100A92A64 /* PBXContainerItemProxy */ = {
			isa = PBXContainerItemProxy;
			containerPortal = CC36DD871F85C79100A92A64 /* Project object */;
			proxyType = 1;
			remoteGlobalIDString = CC36DD8E1F85C79100A92A64;
			remoteInfo = FoodTracker;
		};
/* End PBXContainerItemProxy section */

/* Begin PBXFileReference section */
		CC02C44B1F8650C500837F64 /* RatingControl.swift */ = {isa = PBXFileReference; fileEncoding = 4; lastKnownFileType = sourcecode.swift; path = RatingControl.swift; sourceTree = "<group>"; };
		CC02C44D1F87588800837F64 /* Meal.swift */ = {isa = PBXFileReference; fileEncoding = 4; lastKnownFileType = sourcecode.swift; path = Meal.swift; sourceTree = "<group>"; };
		CC02C44F1F87652300837F64 /* MealTableViewCell.swift */ = {isa = PBXFileReference; fileEncoding = 4; lastKnownFileType = sourcecode.swift; path = MealTableViewCell.swift; sourceTree = "<group>"; };
		CC02C4511F879C0600837F64 /* MealTableViewController.swift */ = {isa = PBXFileReference; fileEncoding = 4; lastKnownFileType = sourcecode.swift; path = MealTableViewController.swift; sourceTree = "<group>"; };
		CC36DD8F1F85C79100A92A64 /* FoodTracker.app */ = {isa = PBXFileReference; explicitFileType = wrapper.application; includeInIndex = 0; path = FoodTracker.app; sourceTree = BUILT_PRODUCTS_DIR; };
		CC36DD921F85C79100A92A64 /* AppDelegate.swift */ = {isa = PBXFileReference; lastKnownFileType = sourcecode.swift; path = AppDelegate.swift; sourceTree = "<group>"; };
		CC36DD941F85C79100A92A64 /* MealViewController.swift */ = {isa = PBXFileReference; lastKnownFileType = sourcecode.swift; path = MealViewController.swift; sourceTree = "<group>"; };
		CC36DD971F85C79100A92A64 /* Base */ = {isa = PBXFileReference; lastKnownFileType = file.storyboard; name = Base; path = Base.lproj/Main.storyboard; sourceTree = "<group>"; };
		CC36DD991F85C79100A92A64 /* Assets.xcassets */ = {isa = PBXFileReference; lastKnownFileType = folder.assetcatalog; path = Assets.xcassets; sourceTree = "<group>"; };
		CC36DD9C1F85C79100A92A64 /* Base */ = {isa = PBXFileReference; lastKnownFileType = file.storyboard; name = Base; path = Base.lproj/LaunchScreen.storyboard; sourceTree = "<group>"; };
		CC36DD9E1F85C79100A92A64 /* Info.plist */ = {isa = PBXFileReference; lastKnownFileType = text.plist.xml; path = Info.plist; sourceTree = "<group>"; };
		CC36DDA31F85C79100A92A64 /* FoodTrackerTests.xctest */ = {isa = PBXFileReference; explicitFileType = wrapper.cfbundle; includeInIndex = 0; path = FoodTrackerTests.xctest; sourceTree = BUILT_PRODUCTS_DIR; };
		CC36DDA71F85C79100A92A64 /* FoodTrackerTests.swift */ = {isa = PBXFileReference; lastKnownFileType = sourcecode.swift; path = FoodTrackerTests.swift; sourceTree = "<group>"; };
		CC36DDA91F85C79100A92A64 /* Info.plist */ = {isa = PBXFileReference; lastKnownFileType = text.plist.xml; path = Info.plist; sourceTree = "<group>"; };
/* End PBXFileReference section */

/* Begin PBXFrameworksBuildPhase section */
		CC36DD8C1F85C79100A92A64 /* Frameworks */ = {
			isa = PBXFrameworksBuildPhase;
			buildActionMask = 2147483647;
			files = (
			);
			runOnlyForDeploymentPostprocessing = 0;
		};
		CC36DDA01F85C79100A92A64 /* Frameworks */ = {
			isa = PBXFrameworksBuildPhase;
			buildActionMask = 2147483647;
			files = (
			);
			runOnlyForDeploymentPostprocessing = 0;
		};
/* End PBXFrameworksBuildPhase section */

/* Begin PBXGroup section */
		CC36DD861F85C79100A92A64 = {
			isa = PBXGroup;
			children = (
				CC36DD911F85C79100A92A64 /* FoodTracker */,
				CC36DDA61F85C79100A92A64 /* FoodTrackerTests */,
				CC36DD901F85C79100A92A64 /* Products */,
			);
			sourceTree = "<group>";
		};
		CC36DD901F85C79100A92A64 /* Products */ = {
			isa = PBXGroup;
			children = (
				CC36DD8F1F85C79100A92A64 /* FoodTracker.app */,
				CC36DDA31F85C79100A92A64 /* FoodTrackerTests.xctest */,
			);
			name = Products;
			sourceTree = "<group>";
		};
		CC36DD911F85C79100A92A64 /* FoodTracker */ = {
			isa = PBXGroup;
			children = (
				CC36DD921F85C79100A92A64 /* AppDelegate.swift */,
				CC36DD941F85C79100A92A64 /* MealViewController.swift */,
				CC02C44B1F8650C500837F64 /* RatingControl.swift */,
				CC02C44D1F87588800837F64 /* Meal.swift */,
				CC02C44F1F87652300837F64 /* MealTableViewCell.swift */,
				CC02C4511F879C0600837F64 /* MealTableViewController.swift */,
				CC36DD961F85C79100A92A64 /* Main.storyboard */,
				CC36DD991F85C79100A92A64 /* Assets.xcassets */,
				CC36DD9B1F85C79100A92A64 /* LaunchScreen.storyboard */,
				CC36DD9E1F85C79100A92A64 /* Info.plist */,
			);
			path = FoodTracker;
			sourceTree = "<group>";
		};
		CC36DDA61F85C79100A92A64 /* FoodTrackerTests */ = {
			isa = PBXGroup;
			children = (
				CC36DDA71F85C79100A92A64 /* FoodTrackerTests.swift */,
				CC36DDA91F85C79100A92A64 /* Info.plist */,
			);
			path = FoodTrackerTests;
			sourceTree = "<group>";
		};
/* End PBXGroup section */

/* Begin PBXNativeTarget section */
		CC36DD8E1F85C79100A92A64 /* FoodTracker */ = {
			isa = PBXNativeTarget;
			buildConfigurationList = CC36DDAC1F85C79100A92A64 /* Build configuration list for PBXNativeTarget "FoodTracker" */;
			buildPhases = (
				CC36DD8B1F85C79100A92A64 /* Sources */,
				CC36DD8C1F85C79100A92A64 /* Frameworks */,
				CC36DD8D1F85C79100A92A64 /* Resources */,
			);
			buildRules = (
			);
			dependencies = (
			);
			name = FoodTracker;
			productName = FoodTracker;
			productReference = CC36DD8F1F85C79100A92A64 /* FoodTracker.app */;
			productType = "com.apple.product-type.application";
		};
		CC36DDA21F85C79100A92A64 /* FoodTrackerTests */ = {
			isa = PBXNativeTarget;
			buildConfigurationList = CC36DDAF1F85C79100A92A64 /* Build configuration list for PBXNativeTarget "FoodTrackerTests" */;
			buildPhases = (
				CC36DD9F1F85C79100A92A64 /* Sources */,
				CC36DDA01F85C79100A92A64 /* Frameworks */,
				CC36DDA11F85C79100A92A64 /* Resources */,
			);
			buildRules = (
			);
			dependencies = (
				CC36DDA51F85C79100A92A64 /* PBXTargetDependency */,
			);
			name = FoodTrackerTests;
			productName = FoodTrackerTests;
			productReference = CC36DDA31F85C79100A92A64 /* FoodTrackerTests.xctest */;
			productType = "com.apple.product-type.bundle.unit-test";
		};
/* End PBXNativeTarget section */

/* Begin PBXProject section */
		CC36DD871F85C79100A92A64 /* Project object */ = {
			isa = PBXProject;
			attributes = {
				LastSwiftUpdateCheck = 0830;
				LastUpgradeCheck = 0830;
				ORGANIZATIONNAME = AGD;
				TargetAttributes = {
					CC36DD8E1F85C79100A92A64 = {
						CreatedOnToolsVersion = 8.3.3;
						DevelopmentTeam = 8ZKPF246EJ;
						ProvisioningStyle = Automatic;
					};
					CC36DDA21F85C79100A92A64 = {
						CreatedOnToolsVersion = 8.3.3;
						ProvisioningStyle = Automatic;
						TestTargetID = CC36DD8E1F85C79100A92A64;
					};
				};
			};
			buildConfigurationList = CC36DD8A1F85C79100A92A64 /* Build configuration list for PBXProject "FoodTracker" */;
			compatibilityVersion = "Xcode 3.2";
			developmentRegion = English;
			hasScannedForEncodings = 0;
			knownRegions = (
				en,
				Base,
			);
			mainGroup = CC36DD861F85C79100A92A64;
			productRefGroup = CC36DD901F85C79100A92A64 /* Products */;
			projectDirPath = "";
			projectRoot = "";
			targets = (
				CC36DD8E1F85C79100A92A64 /* FoodTracker */,
				CC36DDA21F85C79100A92A64 /* FoodTrackerTests */,
			);
		};
/* End PBXProject section */

/* Begin PBXResourcesBuildPhase section */
		CC36DD8D1F85C79100A92A64 /* Resources */ = {
			isa = PBXResourcesBuildPhase;
			buildActionMask = 2147483647;
			files = (
				CC36DD9D1F85C79100A92A64 /* LaunchScreen.storyboard in Resources */,
				CC36DD9A1F85C79100A92A64 /* Assets.xcassets in Resources */,
				CC36DD981F85C79100A92A64 /* Main.storyboard in Resources */,
			);
			runOnlyForDeploymentPostprocessing = 0;
		};
		CC36DDA11F85C79100A92A64 /* Resources */ = {
			isa = PBXResourcesBuildPhase;
			buildActionMask = 2147483647;
			files = (
			);
			runOnlyForDeploymentPostprocessing = 0;
		};
/* End PBXResourcesBuildPhase section */

/* Begin PBXSourcesBuildPhase section */
		CC36DD8B1F85C79100A92A64 /* Sources */ = {
			isa = PBXSourcesBuildPhase;
			buildActionMask = 2147483647;
			files = (
				CC02C44E1F87588800837F64 /* Meal.swift in Sources */,
				CC36DD951F85C79100A92A64 /* MealViewController.swift in Sources */,
				CC02C44C1F8650C500837F64 /* RatingControl.swift in Sources */,
				CC36DD931F85C79100A92A64 /* AppDelegate.swift in Sources */,
				CC02C4521F879C0600837F64 /* MealTableViewController.swift in Sources */,
				CC02C4501F87652300837F64 /* MealTableViewCell.swift in Sources */,
			);
			runOnlyForDeploymentPostprocessing = 0;
		};
		CC36DD9F1F85C79100A92A64 /* Sources */ = {
			isa = PBXSourcesBuildPhase;
			buildActionMask = 2147483647;
			files = (
				CC36DDA81F85C79100A92A64 /* FoodTrackerTests.swift in Sources */,
			);
			runOnlyForDeploymentPostprocessing = 0;
		};
/* End PBXSourcesBuildPhase section */

/* Begin PBXTargetDependency section */
		CC36DDA51F85C79100A92A64 /* PBXTargetDependency */ = {
			isa = PBXTargetDependency;
			target = CC36DD8E1F85C79100A92A64 /* FoodTracker */;
			targetProxy = CC36DDA41F85C79100A92A64 /* PBXContainerItemProxy */;
		};
/* End PBXTargetDependency section */

/* Begin PBXVariantGroup section */
		CC36DD961F85C79100A92A64 /* Main.storyboard */ = {
			isa = PBXVariantGroup;
			children = (
				CC36DD971F85C79100A92A64 /* Base */,
			);
			name = Main.storyboard;
			sourceTree = "<group>";
		};
		CC36DD9B1F85C79100A92A64 /* LaunchScreen.storyboard */ = {
			isa = PBXVariantGroup;
			children = (
				CC36DD9C1F85C79100A92A64 /* Base */,
			);
			name = LaunchScreen.storyboard;
			sourceTree = "<group>";
		};
/* End PBXVariantGroup section */

/* Begin XCBuildConfiguration section */
		CC36DDAA1F85C79100A92A64 /* Debug */ = {
			isa = XCBuildConfiguration;
			buildSettings = {
				ALWAYS_SEARCH_USER_PATHS = NO;
				CLANG_ANALYZER_NONNULL = YES;
				CLANG_ANALYZER_NUMBER_OBJECT_CONVERSION = YES_AGGRESSIVE;
				CLANG_CXX_LANGUAGE_STANDARD = "gnu++0x";
				CLANG_CXX_LIBRARY = "libc++";
				CLANG_ENABLE_MODULES = YES;
				CLANG_ENABLE_OBJC_ARC = YES;
				CLANG_WARN_BOOL_CONVERSION = YES;
				CLANG_WARN_CONSTANT_CONVERSION = YES;
				CLANG_WARN_DIRECT_OBJC_ISA_USAGE = YES_ERROR;
				CLANG_WARN_DOCUMENTATION_COMMENTS = YES;
				CLANG_WARN_EMPTY_BODY = YES;
				CLANG_WARN_ENUM_CONVERSION = YES;
				CLANG_WARN_INFINITE_RECURSION = YES;
				CLANG_WARN_INT_CONVERSION = YES;
				CLANG_WARN_OBJC_ROOT_CLASS = YES_ERROR;
				CLANG_WARN_SUSPICIOUS_MOVE = YES;
				CLANG_WARN_UNREACHABLE_CODE = YES;
				CLANG_WARN__DUPLICATE_METHOD_MATCH = YES;
				"CODE_SIGN_IDENTITY[sdk=iphoneos*]" = "iPhone Developer";
				COPY_PHASE_STRIP = NO;
				DEBUG_INFORMATION_FORMAT = dwarf;
				ENABLE_STRICT_OBJC_MSGSEND = YES;
				ENABLE_TESTABILITY = YES;
				GCC_C_LANGUAGE_STANDARD = gnu99;
				GCC_DYNAMIC_NO_PIC = NO;
				GCC_NO_COMMON_BLOCKS = YES;
				GCC_OPTIMIZATION_LEVEL = 0;
				GCC_PREPROCESSOR_DEFINITIONS = (
					"DEBUG=1",
					"$(inherited)",
				);
				GCC_WARN_64_TO_32_BIT_CONVERSION = YES;
				GCC_WARN_ABOUT_RETURN_TYPE = YES_ERROR;
				GCC_WARN_UNDECLARED_SELECTOR = YES;
				GCC_WARN_UNINITIALIZED_AUTOS = YES_AGGRESSIVE;
				GCC_WARN_UNUSED_FUNCTION = YES;
				GCC_WARN_UNUSED_VARIABLE = YES;
				IPHONEOS_DEPLOYMENT_TARGET = 10.3;
				MTL_ENABLE_DEBUG_INFO = YES;
				ONLY_ACTIVE_ARCH = YES;
				SDKROOT = iphoneos;
				SWIFT_ACTIVE_COMPILATION_CONDITIONS = DEBUG;
				SWIFT_OPTIMIZATION_LEVEL = "-Onone";
				TARGETED_DEVICE_FAMILY = "1,2";
			};
			name = Debug;
		};
		CC36DDAB1F85C79100A92A64 /* Release */ = {
			isa = XCBuildConfiguration;
			buildSettings = {
				ALWAYS_SEARCH_USER_PATHS = NO;
				CLANG_ANALYZER_NONNULL = YES;
				CLANG_ANALYZER_NUMBER_OBJECT_CONVERSION = YES_AGGRESSIVE;
				CLANG_CXX_LANGUAGE_STANDARD = "gnu++0x";
				CLANG_CXX_LIBRARY = "libc++";
				CLANG_ENABLE_MODULES = YES;
				CLANG_ENABLE_OBJC_ARC = YES;
				CLANG_WARN_BOOL_CONVERSION = YES;
				CLANG_WARN_CONSTANT_CONVERSION = YES;
				CLANG_WARN_DIRECT_OBJC_ISA_USAGE = YES_ERROR;
				CLANG_WARN_DOCUMENTATION_COMMENTS = YES;
				CLANG_WARN_EMPTY_BODY = YES;
				CLANG_WARN_ENUM_CONVERSION = YES;
				CLANG_WARN_INFINITE_RECURSION = YES;
				CLANG_WARN_INT_CONVERSION = YES;
				CLANG_WARN_OBJC_ROOT_CLASS = YES_ERROR;
				CLANG_WARN_SUSPICIOUS_MOVE = YES;
				CLANG_WARN_UNREACHABLE_CODE = YES;
				CLANG_WARN__DUPLICATE_METHOD_MATCH = YES;
				"CODE_SIGN_IDENTITY[sdk=iphoneos*]" = "iPhone Developer";
				COPY_PHASE_STRIP = NO;
				DEBUG_INFORMATION_FORMAT = "dwarf-with-dsym";
				ENABLE_NS_ASSERTIONS = NO;
				ENABLE_STRICT_OBJC_MSGSEND = YES;
				GCC_C_LANGUAGE_STANDARD = gnu99;
				GCC_NO_COMMON_BLOCKS = YES;
				GCC_WARN_64_TO_32_BIT_CONVERSION = YES;
				GCC_WARN_ABOUT_RETURN_TYPE = YES_ERROR;
				GCC_WARN_UNDECLARED_SELECTOR = YES;
				GCC_WARN_UNINITIALIZED_AUTOS = YES_AGGRESSIVE;
				GCC_WARN_UNUSED_FUNCTION = YES;
				GCC_WARN_UNUSED_VARIABLE = YES;
				IPHONEOS_DEPLOYMENT_TARGET = 10.3;
				MTL_ENABLE_DEBUG_INFO = NO;
				SDKROOT = iphoneos;
				SWIFT_OPTIMIZATION_LEVEL = "-Owholemodule";
				TARGETED_DEVICE_FAMILY = "1,2";
				VALIDATE_PRODUCT = YES;
			};
			name = Release;
		};
		CC36DDAD1F85C79100A92A64 /* Debug */ = {
			isa = XCBuildConfiguration;
			buildSettings = {
				ASSETCATALOG_COMPILER_APPICON_NAME = AppIcon;
				DEVELOPMENT_TEAM = 8ZKPF246EJ;
				INFOPLIST_FILE = FoodTracker/Info.plist;
				LD_RUNPATH_SEARCH_PATHS = "$(inherited) @executable_path/Frameworks";
				PRODUCT_BUNDLE_IDENTIFIER = com.crazycodeboy.FoodTracker;
				PRODUCT_NAME = "$(TARGET_NAME)";
				SWIFT_VERSION = 3.0;
			};
			name = Debug;
		};
		CC36DDAE1F85C79100A92A64 /* Release */ = {
			isa = XCBuildConfiguration;
			buildSettings = {
				ASSETCATALOG_COMPILER_APPICON_NAME = AppIcon;
				DEVELOPMENT_TEAM = 8ZKPF246EJ;
				INFOPLIST_FILE = FoodTracker/Info.plist;
				LD_RUNPATH_SEARCH_PATHS = "$(inherited) @executable_path/Frameworks";
				PRODUCT_BUNDLE_IDENTIFIER = com.crazycodeboy.FoodTracker;
				PRODUCT_NAME = "$(TARGET_NAME)";
				SWIFT_VERSION = 3.0;
			};
			name = Release;
		};
		CC36DDB01F85C79100A92A64 /* Debug */ = {
			isa = XCBuildConfiguration;
			buildSettings = {
				ALWAYS_EMBED_SWIFT_STANDARD_LIBRARIES = YES;
				BUNDLE_LOADER = "$(TEST_HOST)";
				INFOPLIST_FILE = FoodTrackerTests/Info.plist;
				LD_RUNPATH_SEARCH_PATHS = "$(inherited) @executable_path/Frameworks @loader_path/Frameworks";
				PRODUCT_BUNDLE_IDENTIFIER = com.example.FoodTrackerTests;
				PRODUCT_NAME = "$(TARGET_NAME)";
				SWIFT_VERSION = 3.0;
				TEST_HOST = "$(BUILT_PRODUCTS_DIR)/FoodTracker.app/FoodTracker";
			};
			name = Debug;
		};
		CC36DDB11F85C79100A92A64 /* Release */ = {
			isa = XCBuildConfiguration;
			buildSettings = {
				ALWAYS_EMBED_SWIFT_STANDARD_LIBRARIES = YES;
				BUNDLE_LOADER = "$(TEST_HOST)";
				INFOPLIST_FILE = FoodTrackerTests/Info.plist;
				LD_RUNPATH_SEARCH_PATHS = "$(inherited) @executable_path/Frameworks @loader_path/Frameworks";
				PRODUCT_BUNDLE_IDENTIFIER = com.example.FoodTrackerTests;
				PRODUCT_NAME = "$(TARGET_NAME)";
				SWIFT_VERSION = 3.0;
				TEST_HOST = "$(BUILT_PRODUCTS_DIR)/FoodTracker.app/FoodTracker";
			};
			name = Release;
		};
/* End XCBuildConfiguration section */

/* Begin XCConfigurationList section */
		CC36DD8A1F85C79100A92A64 /* Build configuration list for PBXProject "FoodTracker" */ = {
			isa = XCConfigurationList;
			buildConfigurations = (
				CC36DDAA1F85C79100A92A64 /* Debug */,
				CC36DDAB1F85C79100A92A64 /* Release */,
			);
			defaultConfigurationIsVisible = 0;
			defaultConfigurationName = Release;
		};
		CC36DDAC1F85C79100A92A64 /* Build configuration list for PBXNativeTarget "FoodTracker" */ = {
			isa = XCConfigurationList;
			buildConfigurations = (
				CC36DDAD1F85C79100A92A64 /* Debug */,
				CC36DDAE1F85C79100A92A64 /* Release */,
			);
			defaultConfigurationIsVisible = 0;
			defaultConfigurationName = Release;
		};
		CC36DDAF1F85C79100A92A64 /* Build configuration list for PBXNativeTarget "FoodTrackerTests" */ = {
			isa = XCConfigurationList;
			buildConfigurations = (
				CC36DDB01F85C79100A92A64 /* Debug */,
				CC36DDB11F85C79100A92A64 /* Release */,
			);
			defaultConfigurationIsVisible = 0;
			defaultConfigurationName = Release;
		};
/* End XCConfigurationList section */
	};
	rootObject = CC36DD871F85C79100A92A64 /* Project object */;
}
